
Microsoft Visual Studio Solution File, Format Version 12.00
# Visual Studio Version 16
VisualStudioVersion = 16.0.31005.135
MinimumVisualStudioVersion = 10.0.40219.1
Project("{FAE04EC0-301F-11D3-BF4B-00C04F79EFBC}") = "Tricentis.AddIns.Integration.ADO", "Tricentis.AddIns.Integration.ADO\Tricentis.AddIns.Integration.ADO.csproj", "{11F97359-32C3-4480-B3C9-9EA90FF34541}"
EndProject
Project("{FAE04EC0-301F-11D3-BF4B-00C04F79EFBC}") = "Tricentis.AddIns.Integration.ADOAddIn", "Tricentis.AddIns.Integration.ADOAddIn\Tricentis.AddIns.Integration.ADOAddIn.csproj", "{51A6D61B-8D22-4D3F-9846-84DAA96908B8}"
EndProject
Global
	GlobalSection(SolutionConfigurationPlatforms) = preSolution
		Debug|Any CPU = Debug|Any CPU
		Release|Any CPU = Release|Any CPU
	EndGlobalSection
	GlobalSection(ProjectConfigurationPlatforms) = postSolution
		{11F97359-32C3-4480-B3C9-9EA90FF34541}.Debug|Any CPU.ActiveCfg = Release|Any CPU
		{11F97359-32C3-4480-B3C9-9EA90FF34541}.Debug|Any CPU.Build.0 = Release|Any CPU
		{11F97359-32C3-4480-B3C9-9EA90FF34541}.Release|Any CPU.ActiveCfg = Release|Any CPU
		{11F97359-32C3-4480-B3C9-9EA90FF34541}.Release|Any CPU.Build.0 = Release|Any CPU
		{51A6D61B-8D22-4D3F-9846-84DAA96908B8}.Debug|Any CPU.ActiveCfg = Debug|Any CPU
		{51A6D61B-8D22-4D3F-9846-84DAA96908B8}.Debug|Any CPU.Build.0 = Debug|Any CPU
		{51A6D61B-8D22-4D3F-9846-84DAA96908B8}.Release|Any CPU.ActiveCfg = Release|Any CPU
		{51A6D61B-8D22-4D3F-9846-84DAA96908B8}.Release|Any CPU.Build.0 = Release|Any CPU
	EndGlobalSection
	GlobalSection(SolutionProperties) = preSolution
		HideSolutionNode = FALSE
	EndGlobalSection
	GlobalSection(ExtensibilityGlobals) = postSolution
		SolutionGuid = {A6C54498-FEAA-46F6-9D0C-10AEF275C450}
	EndGlobalSection
EndGlobal
